
Microsoft Visual Studio Solution File, Format Version 12.00
# Visual Studio Version 17
VisualStudioVersion = 17.1.32210.238
MinimumVisualStudioVersion = 10.0.40219.1
Project("{FAE04EC0-301F-11D3-BF4B-00C04F79EFBC}") = "Coding-School-2022", "Coding-School-2022\Coding-School-2022.csproj", "{0DF28928-898C-4483-9FEA-ADFF0C461990}"
EndProject
Global
	GlobalSection(SolutionConfigurationPlatforms) = preSolution
		Debug|Any CPU = Debug|Any CPU
		Release|Any CPU = Release|Any CPU
	EndGlobalSection
	GlobalSection(ProjectConfigurationPlatforms) = postSolution
		{0DF28928-898C-4483-9FEA-ADFF0C461990}.Debug|Any CPU.ActiveCfg = Debug|Any CPU
		{0DF28928-898C-4483-9FEA-ADFF0C461990}.Debug|Any CPU.Build.0 = Debug|Any CPU
		{0DF28928-898C-4483-9FEA-ADFF0C461990}.Release|Any CPU.ActiveCfg = Release|Any CPU
		{0DF28928-898C-4483-9FEA-ADFF0C461990}.Release|Any CPU.Build.0 = Release|Any CPU
	EndGlobalSection
	GlobalSection(SolutionProperties) = preSolution
		HideSolutionNode = FALSE
	EndGlobalSection
	GlobalSection(ExtensibilityGlobals) = postSolution
		SolutionGuid = {283D6BE5-535B-4612-86AE-CAE4F09E6108}
	EndGlobalSection
EndGlobal
