
Microsoft Visual Studio Solution File, Format Version 12.00
# Visual Studio Version 17
VisualStudioVersion = 17.1.32210.238
MinimumVisualStudioVersion = 10.0.40219.1
Project("{FAE04EC0-301F-11D3-BF4B-00C04F79EFBC}") = "Session-15", "Session-15\Session-15.csproj", "{BF1C14A7-DB6E-4108-84F2-3AD16BB6F020}"
EndProject
Project("{FAE04EC0-301F-11D3-BF4B-00C04F79EFBC}") = "Session-15.Model", "Session-15.Model\Session-15.Model.csproj", "{F155D780-0A87-4CBC-BCC3-011456768628}"
EndProject
Project("{FAE04EC0-301F-11D3-BF4B-00C04F79EFBC}") = "Session-15.EF", "Session-15.EF\Session-15.EF.csproj", "{411A64DD-2D7B-404A-A36B-4BE90715250A}"
EndProject
Global
	GlobalSection(SolutionConfigurationPlatforms) = preSolution
		Debug|Any CPU = Debug|Any CPU
		Release|Any CPU = Release|Any CPU
	EndGlobalSection
	GlobalSection(ProjectConfigurationPlatforms) = postSolution
		{BF1C14A7-DB6E-4108-84F2-3AD16BB6F020}.Debug|Any CPU.ActiveCfg = Debug|Any CPU
		{BF1C14A7-DB6E-4108-84F2-3AD16BB6F020}.Debug|Any CPU.Build.0 = Debug|Any CPU
		{BF1C14A7-DB6E-4108-84F2-3AD16BB6F020}.Release|Any CPU.ActiveCfg = Release|Any CPU
		{BF1C14A7-DB6E-4108-84F2-3AD16BB6F020}.Release|Any CPU.Build.0 = Release|Any CPU
		{F155D780-0A87-4CBC-BCC3-011456768628}.Debug|Any CPU.ActiveCfg = Debug|Any CPU
		{F155D780-0A87-4CBC-BCC3-011456768628}.Debug|Any CPU.Build.0 = Debug|Any CPU
		{F155D780-0A87-4CBC-BCC3-011456768628}.Release|Any CPU.ActiveCfg = Release|Any CPU
		{F155D780-0A87-4CBC-BCC3-011456768628}.Release|Any CPU.Build.0 = Release|Any CPU
		{411A64DD-2D7B-404A-A36B-4BE90715250A}.Debug|Any CPU.ActiveCfg = Debug|Any CPU
		{411A64DD-2D7B-404A-A36B-4BE90715250A}.Debug|Any CPU.Build.0 = Debug|Any CPU
		{411A64DD-2D7B-404A-A36B-4BE90715250A}.Release|Any CPU.ActiveCfg = Release|Any CPU
		{411A64DD-2D7B-404A-A36B-4BE90715250A}.Release|Any CPU.Build.0 = Release|Any CPU
	EndGlobalSection
	GlobalSection(SolutionProperties) = preSolution
		HideSolutionNode = FALSE
	EndGlobalSection
	GlobalSection(ExtensibilityGlobals) = postSolution
		SolutionGuid = {AF332F4E-629F-4FA4-825B-AEE285A6120A}
	EndGlobalSection
EndGlobal
