
Microsoft Visual Studio Solution File, Format Version 12.00
# Visual Studio Version 17
VisualStudioVersion = 17.1.32210.238
MinimumVisualStudioVersion = 10.0.40219.1
Project("{9A19103F-16F7-4668-BE54-9A1E7A4F7556}") = "session08-new07", "session08-new07.csproj", "{1CB6A968-C159-47F1-943C-152B40DE7A08}"
EndProject
Project("{9A19103F-16F7-4668-BE54-9A1E7A4F7556}") = "University_new", "..\University(new)\University_new.csproj", "{2FD001B0-6D2F-4D24-9153-5E015C4C202B}"
EndProject
Global
	GlobalSection(SolutionConfigurationPlatforms) = preSolution
		Debug|Any CPU = Debug|Any CPU
		Release|Any CPU = Release|Any CPU
	EndGlobalSection
	GlobalSection(ProjectConfigurationPlatforms) = postSolution
		{1CB6A968-C159-47F1-943C-152B40DE7A08}.Debug|Any CPU.ActiveCfg = Debug|Any CPU
		{1CB6A968-C159-47F1-943C-152B40DE7A08}.Debug|Any CPU.Build.0 = Debug|Any CPU
		{1CB6A968-C159-47F1-943C-152B40DE7A08}.Release|Any CPU.ActiveCfg = Release|Any CPU
		{1CB6A968-C159-47F1-943C-152B40DE7A08}.Release|Any CPU.Build.0 = Release|Any CPU
		{2FD001B0-6D2F-4D24-9153-5E015C4C202B}.Debug|Any CPU.ActiveCfg = Debug|Any CPU
		{2FD001B0-6D2F-4D24-9153-5E015C4C202B}.Debug|Any CPU.Build.0 = Debug|Any CPU
		{2FD001B0-6D2F-4D24-9153-5E015C4C202B}.Release|Any CPU.ActiveCfg = Release|Any CPU
		{2FD001B0-6D2F-4D24-9153-5E015C4C202B}.Release|Any CPU.Build.0 = Release|Any CPU
	EndGlobalSection
	GlobalSection(SolutionProperties) = preSolution
		HideSolutionNode = FALSE
	EndGlobalSection
	GlobalSection(ExtensibilityGlobals) = postSolution
		SolutionGuid = {246C1341-F5D7-41F2-928C-765CF6E085C0}
	EndGlobalSection
EndGlobal
